
Microsoft Visual Studio Solution File, Format Version 12.00
Project("{2150E333-8FDC-42A3-9474-1A3956D46DE8}") = "Microservices", "Microservices", "{86CEB24C-B000-41EE-B006-F673F2B07DEF}"
EndProject
Project("{2150E333-8FDC-42A3-9474-1A3956D46DE8}") = "2. User", "2. User", "{DBA784EC-9900-428B-B04E-089BDCFC18F6}"
EndProject
Project("{2150E333-8FDC-42A3-9474-1A3956D46DE8}") = "1. Auth", "1. Auth", "{A39EA069-E860-438B-B25C-164009D3E80D}"
EndProject
Project("{FAE04EC0-301F-11D3-BF4B-00C04F79EFBC}") = "EServi.Microservices.User.Domain", "EServi.Microservices.User.Domain\EServi.Microservices.User.Domain.csproj", "{E4D3C89F-7F13-4D33-9D51-317AB53462D8}"
EndProject
Project("{FAE04EC0-301F-11D3-BF4B-00C04F79EFBC}") = "EServi.Microservices.User", "EServi.Microservices.User\EServi.Microservices.User.csproj", "{782126CC-B5F5-4074-8AB9-B661017338A4}"
EndProject
Project("{FAE04EC0-301F-11D3-BF4B-00C04F79EFBC}") = "EServi.Microservices.User.UseCase", "EServi.Microservices.User.UseCase\EServi.Microservices.User.UseCase.csproj", "{B30FC249-7909-4EFA-9C47-5C990AA1B88B}"
EndProject
Project("{FAE04EC0-301F-11D3-BF4B-00C04F79EFBC}") = "EServi.Microservices.Auth", "EServi.Microservices.Auth\EServi.Microservices.Auth.csproj", "{85F4C0F0-5159-4FBD-AA9B-50E07661F715}"
EndProject
Project("{FAE04EC0-301F-11D3-BF4B-00C04F79EFBC}") = "EServi.Microservices.Auth.UseCase", "EServi.Microservices.Auth.UseCase\EServi.Microservices.Auth.UseCase.csproj", "{D8BDEC80-530C-4284-AFC8-7DA8DF82FEBD}"
EndProject
Project("{FAE04EC0-301F-11D3-BF4B-00C04F79EFBC}") = "EServi.Microservices.Auth.Domain", "EServi.Microservices.Auth.Domain\EServi.Microservices.Auth.Domain.csproj", "{16DB67FC-CE8E-4931-B246-9CFE5B6A000D}"
EndProject
Project("{FAE04EC0-301F-11D3-BF4B-00C04F79EFBC}") = "EServi.Microservices.Search", "EServi.Microservices.Search\EServi.Microservices.Search.csproj", "{FBB7544F-B764-444C-AB99-1B53290D76E7}"
EndProject
Project("{2150E333-8FDC-42A3-9474-1A3956D46DE8}") = "4. Search", "4. Search", "{E22236F6-8E9D-4A64-9B24-3522D8416977}"
EndProject
Project("{2150E333-8FDC-42A3-9474-1A3956D46DE8}") = "Gateways", "Gateways", "{1F31794A-C96F-4FA8-912E-A44797190166}"
EndProject
Project("{FAE04EC0-301F-11D3-BF4B-00C04F79EFBC}") = "EServi.Api", "EServi.Api\EServi.Api.csproj", "{E36101F3-8B84-4266-9C61-5F6790621BE5}"
EndProject
Project("{2150E333-8FDC-42A3-9474-1A3956D46DE8}") = "Shared", "Shared", "{A7F38E46-32C3-414C-A2E9-301F13F9C67A}"
EndProject
Project("{FAE04EC0-301F-11D3-BF4B-00C04F79EFBC}") = "EServi.Shared", "EServi.Shared\EServi.Shared.csproj", "{BECBDE25-B46E-485B-B8BD-022B796EC410}"
EndProject
Project("{FAE04EC0-301F-11D3-BF4B-00C04F79EFBC}") = "EServi.Microservices.Auth.Infrastructure.MongoDb", "EServi.Microservices.Auth.Infrastructure.MongoDb\EServi.Microservices.Auth.Infrastructure.MongoDb.csproj", "{6AC08434-9A7B-4F46-842C-25B4E7236495}"
EndProject
Project("{FAE04EC0-301F-11D3-BF4B-00C04F79EFBC}") = "EServi.Microservices.Auth.Infrastructure.Jwt", "EServi.Microservices.Auth.Infrastructure.Jwt\EServi.Microservices.Auth.Infrastructure.Jwt.csproj", "{FE8AFB47-9C56-4862-886D-D2777F756A96}"
EndProject
Project("{FAE04EC0-301F-11D3-BF4B-00C04F79EFBC}") = "EServi.RabbitMq", "EServi.RabbitMq\EServi.RabbitMq.csproj", "{ECA35B81-DAA9-48A6-B87E-7D8D42A748B6}"
EndProject
Project("{FAE04EC0-301F-11D3-BF4B-00C04F79EFBC}") = "EServi.Microservices.Auth.Infrastructure.RabbitMq.Publishers", "EServi.Microservices.Auth.Infrastructure.RabbitMq.Publishers\EServi.Microservices.Auth.Infrastructure.RabbitMq.Publishers.csproj", "{621838D1-2621-4B0A-A304-2C0831368FB1}"
EndProject
Project("{2150E333-8FDC-42A3-9474-1A3956D46DE8}") = "3. Catalog", "3. Catalog", "{A1CC02CC-72DD-4554-8ECC-4CF3BDB133C4}"
EndProject
Project("{FAE04EC0-301F-11D3-BF4B-00C04F79EFBC}") = "EServi.Microservices.User.Infrastructure.RabbitMq.Publishers", "EServi.Microservices.User.Infrastructure.RabbitMq.Publishers\EServi.Microservices.User.Infrastructure.RabbitMq.Publishers.csproj", "{F19B55D1-99A3-41DB-A16C-78253ADEDE16}"
EndProject
Project("{FAE04EC0-301F-11D3-BF4B-00C04F79EFBC}") = "EServi.Microservices.Auth.Infrastructure.RabbitMq.Subscribers", "EServi.Microservices.Auth.Infrastructure.RabbitMq.Subscribers\EServi.Microservices.Auth.Infrastructure.RabbitMq.Subscribers.csproj", "{93EE20EC-19C8-426B-9FFC-5B90C85B03BC}"
EndProject
Global
	GlobalSection(SolutionConfigurationPlatforms) = preSolution
		Debug|Any CPU = Debug|Any CPU
		Release|Any CPU = Release|Any CPU
	EndGlobalSection
	GlobalSection(NestedProjects) = preSolution
		{DBA784EC-9900-428B-B04E-089BDCFC18F6} = {86CEB24C-B000-41EE-B006-F673F2B07DEF}
		{A39EA069-E860-438B-B25C-164009D3E80D} = {86CEB24C-B000-41EE-B006-F673F2B07DEF}
		{E4D3C89F-7F13-4D33-9D51-317AB53462D8} = {DBA784EC-9900-428B-B04E-089BDCFC18F6}
		{782126CC-B5F5-4074-8AB9-B661017338A4} = {DBA784EC-9900-428B-B04E-089BDCFC18F6}
		{B30FC249-7909-4EFA-9C47-5C990AA1B88B} = {DBA784EC-9900-428B-B04E-089BDCFC18F6}
		{85F4C0F0-5159-4FBD-AA9B-50E07661F715} = {A39EA069-E860-438B-B25C-164009D3E80D}
		{D8BDEC80-530C-4284-AFC8-7DA8DF82FEBD} = {A39EA069-E860-438B-B25C-164009D3E80D}
		{16DB67FC-CE8E-4931-B246-9CFE5B6A000D} = {A39EA069-E860-438B-B25C-164009D3E80D}
		{E22236F6-8E9D-4A64-9B24-3522D8416977} = {86CEB24C-B000-41EE-B006-F673F2B07DEF}
		{FBB7544F-B764-444C-AB99-1B53290D76E7} = {E22236F6-8E9D-4A64-9B24-3522D8416977}
		{E36101F3-8B84-4266-9C61-5F6790621BE5} = {1F31794A-C96F-4FA8-912E-A44797190166}
		{A7F38E46-32C3-414C-A2E9-301F13F9C67A} = {86CEB24C-B000-41EE-B006-F673F2B07DEF}
		{BECBDE25-B46E-485B-B8BD-022B796EC410} = {A7F38E46-32C3-414C-A2E9-301F13F9C67A}
		{6AC08434-9A7B-4F46-842C-25B4E7236495} = {A39EA069-E860-438B-B25C-164009D3E80D}
		{FE8AFB47-9C56-4862-886D-D2777F756A96} = {A39EA069-E860-438B-B25C-164009D3E80D}
		{ECA35B81-DAA9-48A6-B87E-7D8D42A748B6} = {A7F38E46-32C3-414C-A2E9-301F13F9C67A}
		{621838D1-2621-4B0A-A304-2C0831368FB1} = {A39EA069-E860-438B-B25C-164009D3E80D}
		{A1CC02CC-72DD-4554-8ECC-4CF3BDB133C4} = {86CEB24C-B000-41EE-B006-F673F2B07DEF}
		{F19B55D1-99A3-41DB-A16C-78253ADEDE16} = {DBA784EC-9900-428B-B04E-089BDCFC18F6}
		{93EE20EC-19C8-426B-9FFC-5B90C85B03BC} = {A39EA069-E860-438B-B25C-164009D3E80D}
	EndGlobalSection
	GlobalSection(ProjectConfigurationPlatforms) = postSolution
		{E4D3C89F-7F13-4D33-9D51-317AB53462D8}.Debug|Any CPU.ActiveCfg = Debug|Any CPU
		{E4D3C89F-7F13-4D33-9D51-317AB53462D8}.Debug|Any CPU.Build.0 = Debug|Any CPU
		{E4D3C89F-7F13-4D33-9D51-317AB53462D8}.Release|Any CPU.ActiveCfg = Release|Any CPU
		{E4D3C89F-7F13-4D33-9D51-317AB53462D8}.Release|Any CPU.Build.0 = Release|Any CPU
		{782126CC-B5F5-4074-8AB9-B661017338A4}.Debug|Any CPU.ActiveCfg = Debug|Any CPU
		{782126CC-B5F5-4074-8AB9-B661017338A4}.Debug|Any CPU.Build.0 = Debug|Any CPU
		{782126CC-B5F5-4074-8AB9-B661017338A4}.Release|Any CPU.ActiveCfg = Release|Any CPU
		{782126CC-B5F5-4074-8AB9-B661017338A4}.Release|Any CPU.Build.0 = Release|Any CPU
		{B30FC249-7909-4EFA-9C47-5C990AA1B88B}.Debug|Any CPU.ActiveCfg = Debug|Any CPU
		{B30FC249-7909-4EFA-9C47-5C990AA1B88B}.Debug|Any CPU.Build.0 = Debug|Any CPU
		{B30FC249-7909-4EFA-9C47-5C990AA1B88B}.Release|Any CPU.ActiveCfg = Release|Any CPU
		{B30FC249-7909-4EFA-9C47-5C990AA1B88B}.Release|Any CPU.Build.0 = Release|Any CPU
		{85F4C0F0-5159-4FBD-AA9B-50E07661F715}.Debug|Any CPU.ActiveCfg = Debug|Any CPU
		{85F4C0F0-5159-4FBD-AA9B-50E07661F715}.Debug|Any CPU.Build.0 = Debug|Any CPU
		{85F4C0F0-5159-4FBD-AA9B-50E07661F715}.Release|Any CPU.ActiveCfg = Release|Any CPU
		{85F4C0F0-5159-4FBD-AA9B-50E07661F715}.Release|Any CPU.Build.0 = Release|Any CPU
		{D8BDEC80-530C-4284-AFC8-7DA8DF82FEBD}.Debug|Any CPU.ActiveCfg = Debug|Any CPU
		{D8BDEC80-530C-4284-AFC8-7DA8DF82FEBD}.Debug|Any CPU.Build.0 = Debug|Any CPU
		{D8BDEC80-530C-4284-AFC8-7DA8DF82FEBD}.Release|Any CPU.ActiveCfg = Release|Any CPU
		{D8BDEC80-530C-4284-AFC8-7DA8DF82FEBD}.Release|Any CPU.Build.0 = Release|Any CPU
		{16DB67FC-CE8E-4931-B246-9CFE5B6A000D}.Debug|Any CPU.ActiveCfg = Debug|Any CPU
		{16DB67FC-CE8E-4931-B246-9CFE5B6A000D}.Debug|Any CPU.Build.0 = Debug|Any CPU
		{16DB67FC-CE8E-4931-B246-9CFE5B6A000D}.Release|Any CPU.ActiveCfg = Release|Any CPU
		{16DB67FC-CE8E-4931-B246-9CFE5B6A000D}.Release|Any CPU.Build.0 = Release|Any CPU
		{FBB7544F-B764-444C-AB99-1B53290D76E7}.Debug|Any CPU.ActiveCfg = Debug|Any CPU
		{FBB7544F-B764-444C-AB99-1B53290D76E7}.Debug|Any CPU.Build.0 = Debug|Any CPU
		{FBB7544F-B764-444C-AB99-1B53290D76E7}.Release|Any CPU.ActiveCfg = Release|Any CPU
		{FBB7544F-B764-444C-AB99-1B53290D76E7}.Release|Any CPU.Build.0 = Release|Any CPU
		{E36101F3-8B84-4266-9C61-5F6790621BE5}.Debug|Any CPU.ActiveCfg = Debug|Any CPU
		{E36101F3-8B84-4266-9C61-5F6790621BE5}.Debug|Any CPU.Build.0 = Debug|Any CPU
		{E36101F3-8B84-4266-9C61-5F6790621BE5}.Release|Any CPU.ActiveCfg = Release|Any CPU
		{E36101F3-8B84-4266-9C61-5F6790621BE5}.Release|Any CPU.Build.0 = Release|Any CPU
		{BECBDE25-B46E-485B-B8BD-022B796EC410}.Debug|Any CPU.ActiveCfg = Debug|Any CPU
		{BECBDE25-B46E-485B-B8BD-022B796EC410}.Debug|Any CPU.Build.0 = Debug|Any CPU
		{BECBDE25-B46E-485B-B8BD-022B796EC410}.Release|Any CPU.ActiveCfg = Release|Any CPU
		{BECBDE25-B46E-485B-B8BD-022B796EC410}.Release|Any CPU.Build.0 = Release|Any CPU
		{6AC08434-9A7B-4F46-842C-25B4E7236495}.Debug|Any CPU.ActiveCfg = Debug|Any CPU
		{6AC08434-9A7B-4F46-842C-25B4E7236495}.Debug|Any CPU.Build.0 = Debug|Any CPU
		{6AC08434-9A7B-4F46-842C-25B4E7236495}.Release|Any CPU.ActiveCfg = Release|Any CPU
		{6AC08434-9A7B-4F46-842C-25B4E7236495}.Release|Any CPU.Build.0 = Release|Any CPU
		{FE8AFB47-9C56-4862-886D-D2777F756A96}.Debug|Any CPU.ActiveCfg = Debug|Any CPU
		{FE8AFB47-9C56-4862-886D-D2777F756A96}.Debug|Any CPU.Build.0 = Debug|Any CPU
		{FE8AFB47-9C56-4862-886D-D2777F756A96}.Release|Any CPU.ActiveCfg = Release|Any CPU
		{FE8AFB47-9C56-4862-886D-D2777F756A96}.Release|Any CPU.Build.0 = Release|Any CPU
		{ECA35B81-DAA9-48A6-B87E-7D8D42A748B6}.Debug|Any CPU.ActiveCfg = Debug|Any CPU
		{ECA35B81-DAA9-48A6-B87E-7D8D42A748B6}.Debug|Any CPU.Build.0 = Debug|Any CPU
		{ECA35B81-DAA9-48A6-B87E-7D8D42A748B6}.Release|Any CPU.ActiveCfg = Release|Any CPU
		{ECA35B81-DAA9-48A6-B87E-7D8D42A748B6}.Release|Any CPU.Build.0 = Release|Any CPU
		{621838D1-2621-4B0A-A304-2C0831368FB1}.Debug|Any CPU.ActiveCfg = Debug|Any CPU
		{621838D1-2621-4B0A-A304-2C0831368FB1}.Debug|Any CPU.Build.0 = Debug|Any CPU
		{621838D1-2621-4B0A-A304-2C0831368FB1}.Release|Any CPU.ActiveCfg = Release|Any CPU
		{621838D1-2621-4B0A-A304-2C0831368FB1}.Release|Any CPU.Build.0 = Release|Any CPU
		{F19B55D1-99A3-41DB-A16C-78253ADEDE16}.Debug|Any CPU.ActiveCfg = Debug|Any CPU
		{F19B55D1-99A3-41DB-A16C-78253ADEDE16}.Debug|Any CPU.Build.0 = Debug|Any CPU
		{F19B55D1-99A3-41DB-A16C-78253ADEDE16}.Release|Any CPU.ActiveCfg = Release|Any CPU
		{F19B55D1-99A3-41DB-A16C-78253ADEDE16}.Release|Any CPU.Build.0 = Release|Any CPU
		{93EE20EC-19C8-426B-9FFC-5B90C85B03BC}.Debug|Any CPU.ActiveCfg = Debug|Any CPU
		{93EE20EC-19C8-426B-9FFC-5B90C85B03BC}.Debug|Any CPU.Build.0 = Debug|Any CPU
		{93EE20EC-19C8-426B-9FFC-5B90C85B03BC}.Release|Any CPU.ActiveCfg = Release|Any CPU
		{93EE20EC-19C8-426B-9FFC-5B90C85B03BC}.Release|Any CPU.Build.0 = Release|Any CPU
	EndGlobalSection
EndGlobal
