
Microsoft Visual Studio Solution File, Format Version 12.00
# Visual Studio 15
VisualStudioVersion = 15.0.26124.0
MinimumVisualStudioVersion = 15.0.26124.0
Project("{2150E333-8FDC-42A3-9474-1A3956D46DE8}") = "src", "src", "{8F12C12B-DD93-4ECB-9A97-5CE886A8BB91}"
EndProject
Project("{2150E333-8FDC-42A3-9474-1A3956D46DE8}") = "utils", "utils", "{955F87F9-C19B-4DA5-A152-C37EF1CAD975}"
EndProject
Project("{FAE04EC0-301F-11D3-BF4B-00C04F79EFBC}") = "EServi.Api", "src\utils\EServi.Api\EServi.Api.csproj", "{3243E1E5-CF6B-4E8B-BAF6-DF1B7CE852F8}"
EndProject
Project("{FAE04EC0-301F-11D3-BF4B-00C04F79EFBC}") = "EServi.Consul", "src\utils\EServi.Consul\EServi.Consul.csproj", "{DF8EDDF9-4706-496A-B152-0661D431D52E}"
EndProject
Project("{FAE04EC0-301F-11D3-BF4B-00C04F79EFBC}") = "EServi.RabbitMq", "src\utils\EServi.RabbitMq\EServi.RabbitMq.csproj", "{2A409A06-4A33-4E10-99AA-FFDE0B494776}"
EndProject
Project("{2150E333-8FDC-42A3-9474-1A3956D46DE8}") = "services", "services", "{FD043ABF-00C7-4B86-9FC9-A7BF739743B4}"
EndProject
Project("{2150E333-8FDC-42A3-9474-1A3956D46DE8}") = "auth", "auth", "{1F623B2E-43A6-4442-9E98-ACB6A8965FED}"
EndProject
Project("{FAE04EC0-301F-11D3-BF4B-00C04F79EFBC}") = "EServi.Microservices.Auth", "src\services\Auth\EServi.Microservices.Auth\EServi.Microservices.Auth.csproj", "{7646E4C7-28F2-4EC5-9356-6CEB63A62C86}"
EndProject
Project("{FAE04EC0-301F-11D3-BF4B-00C04F79EFBC}") = "EServi.Microservices.Auth.Domain", "src\services\Auth\EServi.Microservices.Auth.Domain\EServi.Microservices.Auth.Domain.csproj", "{0D84D917-1E34-4DB7-B6A8-C0A54D2644E5}"
EndProject
Project("{FAE04EC0-301F-11D3-BF4B-00C04F79EFBC}") = "EServi.Microservices.Auth.Infrastructure.Jwt", "src\services\Auth\EServi.Microservices.Auth.Infrastructure.Jwt\EServi.Microservices.Auth.Infrastructure.Jwt.csproj", "{4B38519C-5AC2-414B-8503-CF87FB4D0E5E}"
EndProject
Project("{FAE04EC0-301F-11D3-BF4B-00C04F79EFBC}") = "EServi.Microservices.Auth.Infrastructure.MongoDb", "src\services\Auth\EServi.Microservices.Auth.Infrastructure.MongoDb\EServi.Microservices.Auth.Infrastructure.MongoDb.csproj", "{D1BBEC36-6971-4B62-998E-B6E48469E1C3}"
EndProject
Project("{FAE04EC0-301F-11D3-BF4B-00C04F79EFBC}") = "EServi.Microservices.Auth.Infrastructure.RabbitMq.Publishers", "src\services\Auth\EServi.Microservices.Auth.Infrastructure.RabbitMq.Publishers\EServi.Microservices.Auth.Infrastructure.RabbitMq.Publishers.csproj", "{AA23D4F1-D143-4B2D-90B6-DEB5A30800A2}"
EndProject
Project("{FAE04EC0-301F-11D3-BF4B-00C04F79EFBC}") = "EServi.Microservices.Auth.Infrastructure.RabbitMq.Subscribers", "src\services\Auth\EServi.Microservices.Auth.Infrastructure.RabbitMq.Subscribers\EServi.Microservices.Auth.Infrastructure.RabbitMq.Subscribers.csproj", "{C8D5053B-8444-44CD-A238-3F06A65305F7}"
EndProject
Project("{FAE04EC0-301F-11D3-BF4B-00C04F79EFBC}") = "EServi.Microservices.Auth.IoC", "src\services\Auth\EServi.Microservices.Auth.IoC\EServi.Microservices.Auth.IoC.csproj", "{2DB4E861-9807-4558-82F7-BCF4D7CD2C8C}"
EndProject
Project("{FAE04EC0-301F-11D3-BF4B-00C04F79EFBC}") = "EServi.Microservices.Auth.UseCase", "src\services\Auth\EServi.Microservices.Auth.UseCase\EServi.Microservices.Auth.UseCase.csproj", "{E1E8B9FA-0E61-4CC7-A65E-D36B06444614}"
EndProject
Project("{2150E333-8FDC-42A3-9474-1A3956D46DE8}") = "helpers", "helpers", "{44577B3A-0608-48A1-B893-2253667B105A}"
EndProject
Project("{FAE04EC0-301F-11D3-BF4B-00C04F79EFBC}") = "EServi.Helper", "src\helpers\EServi.Helpers\EServi.Helper.csproj", "{7D4FCD21-5360-4481-AAAB-EC9A689B40CE}"
EndProject
Global
	GlobalSection(SolutionConfigurationPlatforms) = preSolution
		Debug|Any CPU = Debug|Any CPU
		Debug|x64 = Debug|x64
		Debug|x86 = Debug|x86
		Release|Any CPU = Release|Any CPU
		Release|x64 = Release|x64
		Release|x86 = Release|x86
	EndGlobalSection
	GlobalSection(SolutionProperties) = preSolution
		HideSolutionNode = FALSE
	EndGlobalSection
	GlobalSection(ProjectConfigurationPlatforms) = postSolution
		{3243E1E5-CF6B-4E8B-BAF6-DF1B7CE852F8}.Debug|Any CPU.ActiveCfg = Debug|Any CPU
		{3243E1E5-CF6B-4E8B-BAF6-DF1B7CE852F8}.Debug|Any CPU.Build.0 = Debug|Any CPU
		{3243E1E5-CF6B-4E8B-BAF6-DF1B7CE852F8}.Debug|x64.ActiveCfg = Debug|Any CPU
		{3243E1E5-CF6B-4E8B-BAF6-DF1B7CE852F8}.Debug|x64.Build.0 = Debug|Any CPU
		{3243E1E5-CF6B-4E8B-BAF6-DF1B7CE852F8}.Debug|x86.ActiveCfg = Debug|Any CPU
		{3243E1E5-CF6B-4E8B-BAF6-DF1B7CE852F8}.Debug|x86.Build.0 = Debug|Any CPU
		{3243E1E5-CF6B-4E8B-BAF6-DF1B7CE852F8}.Release|Any CPU.ActiveCfg = Release|Any CPU
		{3243E1E5-CF6B-4E8B-BAF6-DF1B7CE852F8}.Release|Any CPU.Build.0 = Release|Any CPU
		{3243E1E5-CF6B-4E8B-BAF6-DF1B7CE852F8}.Release|x64.ActiveCfg = Release|Any CPU
		{3243E1E5-CF6B-4E8B-BAF6-DF1B7CE852F8}.Release|x64.Build.0 = Release|Any CPU
		{3243E1E5-CF6B-4E8B-BAF6-DF1B7CE852F8}.Release|x86.ActiveCfg = Release|Any CPU
		{3243E1E5-CF6B-4E8B-BAF6-DF1B7CE852F8}.Release|x86.Build.0 = Release|Any CPU
		{DF8EDDF9-4706-496A-B152-0661D431D52E}.Debug|Any CPU.ActiveCfg = Debug|Any CPU
		{DF8EDDF9-4706-496A-B152-0661D431D52E}.Debug|Any CPU.Build.0 = Debug|Any CPU
		{DF8EDDF9-4706-496A-B152-0661D431D52E}.Debug|x64.ActiveCfg = Debug|Any CPU
		{DF8EDDF9-4706-496A-B152-0661D431D52E}.Debug|x64.Build.0 = Debug|Any CPU
		{DF8EDDF9-4706-496A-B152-0661D431D52E}.Debug|x86.ActiveCfg = Debug|Any CPU
		{DF8EDDF9-4706-496A-B152-0661D431D52E}.Debug|x86.Build.0 = Debug|Any CPU
		{DF8EDDF9-4706-496A-B152-0661D431D52E}.Release|Any CPU.ActiveCfg = Release|Any CPU
		{DF8EDDF9-4706-496A-B152-0661D431D52E}.Release|Any CPU.Build.0 = Release|Any CPU
		{DF8EDDF9-4706-496A-B152-0661D431D52E}.Release|x64.ActiveCfg = Release|Any CPU
		{DF8EDDF9-4706-496A-B152-0661D431D52E}.Release|x64.Build.0 = Release|Any CPU
		{DF8EDDF9-4706-496A-B152-0661D431D52E}.Release|x86.ActiveCfg = Release|Any CPU
		{DF8EDDF9-4706-496A-B152-0661D431D52E}.Release|x86.Build.0 = Release|Any CPU
		{2A409A06-4A33-4E10-99AA-FFDE0B494776}.Debug|Any CPU.ActiveCfg = Debug|Any CPU
		{2A409A06-4A33-4E10-99AA-FFDE0B494776}.Debug|Any CPU.Build.0 = Debug|Any CPU
		{2A409A06-4A33-4E10-99AA-FFDE0B494776}.Debug|x64.ActiveCfg = Debug|Any CPU
		{2A409A06-4A33-4E10-99AA-FFDE0B494776}.Debug|x64.Build.0 = Debug|Any CPU
		{2A409A06-4A33-4E10-99AA-FFDE0B494776}.Debug|x86.ActiveCfg = Debug|Any CPU
		{2A409A06-4A33-4E10-99AA-FFDE0B494776}.Debug|x86.Build.0 = Debug|Any CPU
		{2A409A06-4A33-4E10-99AA-FFDE0B494776}.Release|Any CPU.ActiveCfg = Release|Any CPU
		{2A409A06-4A33-4E10-99AA-FFDE0B494776}.Release|Any CPU.Build.0 = Release|Any CPU
		{2A409A06-4A33-4E10-99AA-FFDE0B494776}.Release|x64.ActiveCfg = Release|Any CPU
		{2A409A06-4A33-4E10-99AA-FFDE0B494776}.Release|x64.Build.0 = Release|Any CPU
		{2A409A06-4A33-4E10-99AA-FFDE0B494776}.Release|x86.ActiveCfg = Release|Any CPU
		{2A409A06-4A33-4E10-99AA-FFDE0B494776}.Release|x86.Build.0 = Release|Any CPU
		{7646E4C7-28F2-4EC5-9356-6CEB63A62C86}.Debug|Any CPU.ActiveCfg = Debug|Any CPU
		{7646E4C7-28F2-4EC5-9356-6CEB63A62C86}.Debug|Any CPU.Build.0 = Debug|Any CPU
		{7646E4C7-28F2-4EC5-9356-6CEB63A62C86}.Debug|x64.ActiveCfg = Debug|Any CPU
		{7646E4C7-28F2-4EC5-9356-6CEB63A62C86}.Debug|x64.Build.0 = Debug|Any CPU
		{7646E4C7-28F2-4EC5-9356-6CEB63A62C86}.Debug|x86.ActiveCfg = Debug|Any CPU
		{7646E4C7-28F2-4EC5-9356-6CEB63A62C86}.Debug|x86.Build.0 = Debug|Any CPU
		{7646E4C7-28F2-4EC5-9356-6CEB63A62C86}.Release|Any CPU.ActiveCfg = Release|Any CPU
		{7646E4C7-28F2-4EC5-9356-6CEB63A62C86}.Release|Any CPU.Build.0 = Release|Any CPU
		{7646E4C7-28F2-4EC5-9356-6CEB63A62C86}.Release|x64.ActiveCfg = Release|Any CPU
		{7646E4C7-28F2-4EC5-9356-6CEB63A62C86}.Release|x64.Build.0 = Release|Any CPU
		{7646E4C7-28F2-4EC5-9356-6CEB63A62C86}.Release|x86.ActiveCfg = Release|Any CPU
		{7646E4C7-28F2-4EC5-9356-6CEB63A62C86}.Release|x86.Build.0 = Release|Any CPU
		{0D84D917-1E34-4DB7-B6A8-C0A54D2644E5}.Debug|Any CPU.ActiveCfg = Debug|Any CPU
		{0D84D917-1E34-4DB7-B6A8-C0A54D2644E5}.Debug|Any CPU.Build.0 = Debug|Any CPU
		{0D84D917-1E34-4DB7-B6A8-C0A54D2644E5}.Debug|x64.ActiveCfg = Debug|Any CPU
		{0D84D917-1E34-4DB7-B6A8-C0A54D2644E5}.Debug|x64.Build.0 = Debug|Any CPU
		{0D84D917-1E34-4DB7-B6A8-C0A54D2644E5}.Debug|x86.ActiveCfg = Debug|Any CPU
		{0D84D917-1E34-4DB7-B6A8-C0A54D2644E5}.Debug|x86.Build.0 = Debug|Any CPU
		{0D84D917-1E34-4DB7-B6A8-C0A54D2644E5}.Release|Any CPU.ActiveCfg = Release|Any CPU
		{0D84D917-1E34-4DB7-B6A8-C0A54D2644E5}.Release|Any CPU.Build.0 = Release|Any CPU
		{0D84D917-1E34-4DB7-B6A8-C0A54D2644E5}.Release|x64.ActiveCfg = Release|Any CPU
		{0D84D917-1E34-4DB7-B6A8-C0A54D2644E5}.Release|x64.Build.0 = Release|Any CPU
		{0D84D917-1E34-4DB7-B6A8-C0A54D2644E5}.Release|x86.ActiveCfg = Release|Any CPU
		{0D84D917-1E34-4DB7-B6A8-C0A54D2644E5}.Release|x86.Build.0 = Release|Any CPU
		{4B38519C-5AC2-414B-8503-CF87FB4D0E5E}.Debug|Any CPU.ActiveCfg = Debug|Any CPU
		{4B38519C-5AC2-414B-8503-CF87FB4D0E5E}.Debug|Any CPU.Build.0 = Debug|Any CPU
		{4B38519C-5AC2-414B-8503-CF87FB4D0E5E}.Debug|x64.ActiveCfg = Debug|Any CPU
		{4B38519C-5AC2-414B-8503-CF87FB4D0E5E}.Debug|x64.Build.0 = Debug|Any CPU
		{4B38519C-5AC2-414B-8503-CF87FB4D0E5E}.Debug|x86.ActiveCfg = Debug|Any CPU
		{4B38519C-5AC2-414B-8503-CF87FB4D0E5E}.Debug|x86.Build.0 = Debug|Any CPU
		{4B38519C-5AC2-414B-8503-CF87FB4D0E5E}.Release|Any CPU.ActiveCfg = Release|Any CPU
		{4B38519C-5AC2-414B-8503-CF87FB4D0E5E}.Release|Any CPU.Build.0 = Release|Any CPU
		{4B38519C-5AC2-414B-8503-CF87FB4D0E5E}.Release|x64.ActiveCfg = Release|Any CPU
		{4B38519C-5AC2-414B-8503-CF87FB4D0E5E}.Release|x64.Build.0 = Release|Any CPU
		{4B38519C-5AC2-414B-8503-CF87FB4D0E5E}.Release|x86.ActiveCfg = Release|Any CPU
		{4B38519C-5AC2-414B-8503-CF87FB4D0E5E}.Release|x86.Build.0 = Release|Any CPU
		{D1BBEC36-6971-4B62-998E-B6E48469E1C3}.Debug|Any CPU.ActiveCfg = Debug|Any CPU
		{D1BBEC36-6971-4B62-998E-B6E48469E1C3}.Debug|Any CPU.Build.0 = Debug|Any CPU
		{D1BBEC36-6971-4B62-998E-B6E48469E1C3}.Debug|x64.ActiveCfg = Debug|Any CPU
		{D1BBEC36-6971-4B62-998E-B6E48469E1C3}.Debug|x64.Build.0 = Debug|Any CPU
		{D1BBEC36-6971-4B62-998E-B6E48469E1C3}.Debug|x86.ActiveCfg = Debug|Any CPU
		{D1BBEC36-6971-4B62-998E-B6E48469E1C3}.Debug|x86.Build.0 = Debug|Any CPU
		{D1BBEC36-6971-4B62-998E-B6E48469E1C3}.Release|Any CPU.ActiveCfg = Release|Any CPU
		{D1BBEC36-6971-4B62-998E-B6E48469E1C3}.Release|Any CPU.Build.0 = Release|Any CPU
		{D1BBEC36-6971-4B62-998E-B6E48469E1C3}.Release|x64.ActiveCfg = Release|Any CPU
		{D1BBEC36-6971-4B62-998E-B6E48469E1C3}.Release|x64.Build.0 = Release|Any CPU
		{D1BBEC36-6971-4B62-998E-B6E48469E1C3}.Release|x86.ActiveCfg = Release|Any CPU
		{D1BBEC36-6971-4B62-998E-B6E48469E1C3}.Release|x86.Build.0 = Release|Any CPU
		{AA23D4F1-D143-4B2D-90B6-DEB5A30800A2}.Debug|Any CPU.ActiveCfg = Debug|Any CPU
		{AA23D4F1-D143-4B2D-90B6-DEB5A30800A2}.Debug|Any CPU.Build.0 = Debug|Any CPU
		{AA23D4F1-D143-4B2D-90B6-DEB5A30800A2}.Debug|x64.ActiveCfg = Debug|Any CPU
		{AA23D4F1-D143-4B2D-90B6-DEB5A30800A2}.Debug|x64.Build.0 = Debug|Any CPU
		{AA23D4F1-D143-4B2D-90B6-DEB5A30800A2}.Debug|x86.ActiveCfg = Debug|Any CPU
		{AA23D4F1-D143-4B2D-90B6-DEB5A30800A2}.Debug|x86.Build.0 = Debug|Any CPU
		{AA23D4F1-D143-4B2D-90B6-DEB5A30800A2}.Release|Any CPU.ActiveCfg = Release|Any CPU
		{AA23D4F1-D143-4B2D-90B6-DEB5A30800A2}.Release|Any CPU.Build.0 = Release|Any CPU
		{AA23D4F1-D143-4B2D-90B6-DEB5A30800A2}.Release|x64.ActiveCfg = Release|Any CPU
		{AA23D4F1-D143-4B2D-90B6-DEB5A30800A2}.Release|x64.Build.0 = Release|Any CPU
		{AA23D4F1-D143-4B2D-90B6-DEB5A30800A2}.Release|x86.ActiveCfg = Release|Any CPU
		{AA23D4F1-D143-4B2D-90B6-DEB5A30800A2}.Release|x86.Build.0 = Release|Any CPU
		{C8D5053B-8444-44CD-A238-3F06A65305F7}.Debug|Any CPU.ActiveCfg = Debug|Any CPU
		{C8D5053B-8444-44CD-A238-3F06A65305F7}.Debug|Any CPU.Build.0 = Debug|Any CPU
		{C8D5053B-8444-44CD-A238-3F06A65305F7}.Debug|x64.ActiveCfg = Debug|Any CPU
		{C8D5053B-8444-44CD-A238-3F06A65305F7}.Debug|x64.Build.0 = Debug|Any CPU
		{C8D5053B-8444-44CD-A238-3F06A65305F7}.Debug|x86.ActiveCfg = Debug|Any CPU
		{C8D5053B-8444-44CD-A238-3F06A65305F7}.Debug|x86.Build.0 = Debug|Any CPU
		{C8D5053B-8444-44CD-A238-3F06A65305F7}.Release|Any CPU.ActiveCfg = Release|Any CPU
		{C8D5053B-8444-44CD-A238-3F06A65305F7}.Release|Any CPU.Build.0 = Release|Any CPU
		{C8D5053B-8444-44CD-A238-3F06A65305F7}.Release|x64.ActiveCfg = Release|Any CPU
		{C8D5053B-8444-44CD-A238-3F06A65305F7}.Release|x64.Build.0 = Release|Any CPU
		{C8D5053B-8444-44CD-A238-3F06A65305F7}.Release|x86.ActiveCfg = Release|Any CPU
		{C8D5053B-8444-44CD-A238-3F06A65305F7}.Release|x86.Build.0 = Release|Any CPU
		{2DB4E861-9807-4558-82F7-BCF4D7CD2C8C}.Debug|Any CPU.ActiveCfg = Debug|Any CPU
		{2DB4E861-9807-4558-82F7-BCF4D7CD2C8C}.Debug|Any CPU.Build.0 = Debug|Any CPU
		{2DB4E861-9807-4558-82F7-BCF4D7CD2C8C}.Debug|x64.ActiveCfg = Debug|Any CPU
		{2DB4E861-9807-4558-82F7-BCF4D7CD2C8C}.Debug|x64.Build.0 = Debug|Any CPU
		{2DB4E861-9807-4558-82F7-BCF4D7CD2C8C}.Debug|x86.ActiveCfg = Debug|Any CPU
		{2DB4E861-9807-4558-82F7-BCF4D7CD2C8C}.Debug|x86.Build.0 = Debug|Any CPU
		{2DB4E861-9807-4558-82F7-BCF4D7CD2C8C}.Release|Any CPU.ActiveCfg = Release|Any CPU
		{2DB4E861-9807-4558-82F7-BCF4D7CD2C8C}.Release|Any CPU.Build.0 = Release|Any CPU
		{2DB4E861-9807-4558-82F7-BCF4D7CD2C8C}.Release|x64.ActiveCfg = Release|Any CPU
		{2DB4E861-9807-4558-82F7-BCF4D7CD2C8C}.Release|x64.Build.0 = Release|Any CPU
		{2DB4E861-9807-4558-82F7-BCF4D7CD2C8C}.Release|x86.ActiveCfg = Release|Any CPU
		{2DB4E861-9807-4558-82F7-BCF4D7CD2C8C}.Release|x86.Build.0 = Release|Any CPU
		{E1E8B9FA-0E61-4CC7-A65E-D36B06444614}.Debug|Any CPU.ActiveCfg = Debug|Any CPU
		{E1E8B9FA-0E61-4CC7-A65E-D36B06444614}.Debug|Any CPU.Build.0 = Debug|Any CPU
		{E1E8B9FA-0E61-4CC7-A65E-D36B06444614}.Debug|x64.ActiveCfg = Debug|Any CPU
		{E1E8B9FA-0E61-4CC7-A65E-D36B06444614}.Debug|x64.Build.0 = Debug|Any CPU
		{E1E8B9FA-0E61-4CC7-A65E-D36B06444614}.Debug|x86.ActiveCfg = Debug|Any CPU
		{E1E8B9FA-0E61-4CC7-A65E-D36B06444614}.Debug|x86.Build.0 = Debug|Any CPU
		{E1E8B9FA-0E61-4CC7-A65E-D36B06444614}.Release|Any CPU.ActiveCfg = Release|Any CPU
		{E1E8B9FA-0E61-4CC7-A65E-D36B06444614}.Release|Any CPU.Build.0 = Release|Any CPU
		{E1E8B9FA-0E61-4CC7-A65E-D36B06444614}.Release|x64.ActiveCfg = Release|Any CPU
		{E1E8B9FA-0E61-4CC7-A65E-D36B06444614}.Release|x64.Build.0 = Release|Any CPU
		{E1E8B9FA-0E61-4CC7-A65E-D36B06444614}.Release|x86.ActiveCfg = Release|Any CPU
		{E1E8B9FA-0E61-4CC7-A65E-D36B06444614}.Release|x86.Build.0 = Release|Any CPU
		{7D4FCD21-5360-4481-AAAB-EC9A689B40CE}.Debug|Any CPU.ActiveCfg = Debug|Any CPU
		{7D4FCD21-5360-4481-AAAB-EC9A689B40CE}.Debug|Any CPU.Build.0 = Debug|Any CPU
		{7D4FCD21-5360-4481-AAAB-EC9A689B40CE}.Debug|x64.ActiveCfg = Debug|Any CPU
		{7D4FCD21-5360-4481-AAAB-EC9A689B40CE}.Debug|x64.Build.0 = Debug|Any CPU
		{7D4FCD21-5360-4481-AAAB-EC9A689B40CE}.Debug|x86.ActiveCfg = Debug|Any CPU
		{7D4FCD21-5360-4481-AAAB-EC9A689B40CE}.Debug|x86.Build.0 = Debug|Any CPU
		{7D4FCD21-5360-4481-AAAB-EC9A689B40CE}.Release|Any CPU.ActiveCfg = Release|Any CPU
		{7D4FCD21-5360-4481-AAAB-EC9A689B40CE}.Release|Any CPU.Build.0 = Release|Any CPU
		{7D4FCD21-5360-4481-AAAB-EC9A689B40CE}.Release|x64.ActiveCfg = Release|Any CPU
		{7D4FCD21-5360-4481-AAAB-EC9A689B40CE}.Release|x64.Build.0 = Release|Any CPU
		{7D4FCD21-5360-4481-AAAB-EC9A689B40CE}.Release|x86.ActiveCfg = Release|Any CPU
		{7D4FCD21-5360-4481-AAAB-EC9A689B40CE}.Release|x86.Build.0 = Release|Any CPU
	EndGlobalSection
	GlobalSection(NestedProjects) = preSolution
		{955F87F9-C19B-4DA5-A152-C37EF1CAD975} = {8F12C12B-DD93-4ECB-9A97-5CE886A8BB91}
		{3243E1E5-CF6B-4E8B-BAF6-DF1B7CE852F8} = {955F87F9-C19B-4DA5-A152-C37EF1CAD975}
		{DF8EDDF9-4706-496A-B152-0661D431D52E} = {955F87F9-C19B-4DA5-A152-C37EF1CAD975}
		{2A409A06-4A33-4E10-99AA-FFDE0B494776} = {955F87F9-C19B-4DA5-A152-C37EF1CAD975}
		{FD043ABF-00C7-4B86-9FC9-A7BF739743B4} = {8F12C12B-DD93-4ECB-9A97-5CE886A8BB91}
		{1F623B2E-43A6-4442-9E98-ACB6A8965FED} = {FD043ABF-00C7-4B86-9FC9-A7BF739743B4}
		{7646E4C7-28F2-4EC5-9356-6CEB63A62C86} = {1F623B2E-43A6-4442-9E98-ACB6A8965FED}
		{0D84D917-1E34-4DB7-B6A8-C0A54D2644E5} = {1F623B2E-43A6-4442-9E98-ACB6A8965FED}
		{4B38519C-5AC2-414B-8503-CF87FB4D0E5E} = {1F623B2E-43A6-4442-9E98-ACB6A8965FED}
		{D1BBEC36-6971-4B62-998E-B6E48469E1C3} = {1F623B2E-43A6-4442-9E98-ACB6A8965FED}
		{AA23D4F1-D143-4B2D-90B6-DEB5A30800A2} = {1F623B2E-43A6-4442-9E98-ACB6A8965FED}
		{C8D5053B-8444-44CD-A238-3F06A65305F7} = {1F623B2E-43A6-4442-9E98-ACB6A8965FED}
		{2DB4E861-9807-4558-82F7-BCF4D7CD2C8C} = {1F623B2E-43A6-4442-9E98-ACB6A8965FED}
		{E1E8B9FA-0E61-4CC7-A65E-D36B06444614} = {1F623B2E-43A6-4442-9E98-ACB6A8965FED}
		{44577B3A-0608-48A1-B893-2253667B105A} = {8F12C12B-DD93-4ECB-9A97-5CE886A8BB91}
		{7D4FCD21-5360-4481-AAAB-EC9A689B40CE} = {44577B3A-0608-48A1-B893-2253667B105A}
	EndGlobalSection
EndGlobal
