
Microsoft Visual Studio Solution File, Format Version 12.00
# Visual Studio 15
VisualStudioVersion = 15.0.26124.0
MinimumVisualStudioVersion = 15.0.26124.0
Project("{2150E333-8FDC-42A3-9474-1A3956D46DE8}") = "Sources", "Sources", "{F3A7B8AF-D4D9-448E-B265-C599F27E7BC4}"
EndProject
Project("{2150E333-8FDC-42A3-9474-1A3956D46DE8}") = "Helpers", "Helpers", "{4BB79F59-5093-4DBA-9B6B-376DE3BD9854}"
EndProject
Project("{FAE04EC0-301F-11D3-BF4B-00C04F79EFBC}") = "EServi.Api", "Sources\Helpers\EServi.Api\EServi.Api.csproj", "{91A424AF-376E-40DB-AA82-797ABFF3D84D}"
EndProject
Project("{FAE04EC0-301F-11D3-BF4B-00C04F79EFBC}") = "EServi.Consul", "Sources\Helpers\EServi.Consul\EServi.Consul.csproj", "{A2AEE7EC-5EDA-4CF8-BD2F-972917FAC32A}"
EndProject
Project("{FAE04EC0-301F-11D3-BF4B-00C04F79EFBC}") = "EServi.Helper", "Sources\Helpers\EServi.Helper\EServi.Helper.csproj", "{50DB4F55-609F-43BF-94CF-3F5B65DF41B7}"
EndProject
Project("{FAE04EC0-301F-11D3-BF4B-00C04F79EFBC}") = "EServi.RabbitMq", "Sources\Helpers\EServi.RabbitMq\EServi.RabbitMq.csproj", "{D88C7C00-0373-4988-A8D5-430870604886}"
EndProject
Project("{2150E333-8FDC-42A3-9474-1A3956D46DE8}") = "Services", "Services", "{002B8BEB-8D93-47A6-9AB1-9255BFAF72DD}"
EndProject
Project("{2150E333-8FDC-42A3-9474-1A3956D46DE8}") = "Auth", "Auth", "{6C7D1200-AB28-4197-AC69-C6F5C3E67258}"
EndProject
Project("{FAE04EC0-301F-11D3-BF4B-00C04F79EFBC}") = "EServi.Microservices.Auth", "Sources\Services\Auth\EServi.Microservices.Auth\EServi.Microservices.Auth.csproj", "{6286C74A-FCFD-4BCD-864B-202BABF73BE4}"
EndProject
Project("{FAE04EC0-301F-11D3-BF4B-00C04F79EFBC}") = "EServi.Microservices.Auth.Domain", "Sources\Services\Auth\EServi.Microservices.Auth.Domain\EServi.Microservices.Auth.Domain.csproj", "{59031B58-292A-495D-89A3-C1D34DC9EBA4}"
EndProject
Project("{FAE04EC0-301F-11D3-BF4B-00C04F79EFBC}") = "EServi.Microservices.Auth.Infrastructure.Jwt", "Sources\Services\Auth\EServi.Microservices.Auth.Infrastructure.Jwt\EServi.Microservices.Auth.Infrastructure.Jwt.csproj", "{AA38B4A1-9631-4136-99F0-90AD56B7785F}"
EndProject
Project("{FAE04EC0-301F-11D3-BF4B-00C04F79EFBC}") = "EServi.Microservices.Auth.Infrastructure.MongoDb", "Sources\Services\Auth\EServi.Microservices.Auth.Infrastructure.MongoDb\EServi.Microservices.Auth.Infrastructure.MongoDb.csproj", "{7C7D4A1E-7097-4992-BA80-4692F41D9D55}"
EndProject
Project("{FAE04EC0-301F-11D3-BF4B-00C04F79EFBC}") = "EServi.Microservices.Auth.Infrastructure.RabbitMq.Publishers", "Sources\Services\Auth\EServi.Microservices.Auth.Infrastructure.RabbitMq.Publishers\EServi.Microservices.Auth.Infrastructure.RabbitMq.Publishers.csproj", "{89CB417C-E799-452F-AD84-705C81CED735}"
EndProject
Project("{FAE04EC0-301F-11D3-BF4B-00C04F79EFBC}") = "EServi.Microservices.Auth.Infrastructure.RabbitMq.Subscribers", "Sources\Services\Auth\EServi.Microservices.Auth.Infrastructure.RabbitMq.Subscribers\EServi.Microservices.Auth.Infrastructure.RabbitMq.Subscribers.csproj", "{A309F173-45C5-4992-AE7A-0E2B6C4FDB50}"
EndProject
Project("{FAE04EC0-301F-11D3-BF4B-00C04F79EFBC}") = "EServi.Microservices.Auth.IoC", "Sources\Services\Auth\EServi.Microservices.Auth.IoC\EServi.Microservices.Auth.IoC.csproj", "{8CE900E1-C8E9-4CC3-9827-3DA1180331F8}"
EndProject
Project("{FAE04EC0-301F-11D3-BF4B-00C04F79EFBC}") = "EServi.Microservices.Auth.UseCase", "Sources\Services\Auth\EServi.Microservices.Auth.UseCase\EServi.Microservices.Auth.UseCase.csproj", "{D6F0210E-2E6D-4849-8036-73DF09167241}"
EndProject
Project("{2150E333-8FDC-42A3-9474-1A3956D46DE8}") = "Catalog", "Catalog", "{52DFE03F-5662-4BE3-BB3E-BF72CAC8C78F}"
EndProject
Project("{FAE04EC0-301F-11D3-BF4B-00C04F79EFBC}") = "EServi.Microservices.Catalog", "Sources\Services\Catalog\EServi.Microservices.Catalog\EServi.Microservices.Catalog.csproj", "{49F0E839-3147-4320-A7B7-C85C273EBC59}"
EndProject
Project("{2150E333-8FDC-42A3-9474-1A3956D46DE8}") = "Search", "Search", "{1E600B94-DC85-431A-9619-A625CED3725F}"
EndProject
Project("{FAE04EC0-301F-11D3-BF4B-00C04F79EFBC}") = "EServi.Microservices.Search", "Sources\Services\Search\EServi.Microservices.Search\EServi.Microservices.Search.csproj", "{2B941DA5-58B4-48FA-8F88-7FF6EF964FA9}"
EndProject
Project("{2150E333-8FDC-42A3-9474-1A3956D46DE8}") = "User", "User", "{228DECDD-F514-4C92-B1AE-63BC09D3C426}"
EndProject
Project("{FAE04EC0-301F-11D3-BF4B-00C04F79EFBC}") = "EServi.Microservices.User", "Sources\Services\User\EServi.Microservices.User\EServi.Microservices.User.csproj", "{2FF5BAA7-A92C-44E5-B388-E295637A6E93}"
EndProject
Project("{FAE04EC0-301F-11D3-BF4B-00C04F79EFBC}") = "EServi.Microservices.User.IoC", "Sources\Services\User\EServi.Microservices.User.IoC\EServi.Microservices.User.IoC.csproj", "{79343CE2-3B3A-4766-A915-7C505590D1FF}"
EndProject
Project("{FAE04EC0-301F-11D3-BF4B-00C04F79EFBC}") = "EServi.Microservices.User.Domain", "Sources\Services\User\EServi.Microservices.User.Domain\EServi.Microservices.User.Domain.csproj", "{74BD20B9-ACCA-4708-958D-D2212473C8BF}"
EndProject
Project("{FAE04EC0-301F-11D3-BF4B-00C04F79EFBC}") = "EServi.Microservices.User.Infrastructure.MongoDb", "Sources\Services\User\EServi.Microservices.User.Infrastructure.MongoDb\EServi.Microservices.User.Infrastructure.MongoDb.csproj", "{A7641083-D541-49A2-BDDF-59A5CDE95164}"
EndProject
Project("{FAE04EC0-301F-11D3-BF4B-00C04F79EFBC}") = "EServi.Microservices.User.Infrastructure.RabbitMq.Publishers", "Sources\Services\User\EServi.Microservices.User.Infrastructure.RabbitMq.Publishers\EServi.Microservices.User.Infrastructure.RabbitMq.Publishers.csproj", "{6D849BA6-5560-4213-97F4-A04F05951812}"
EndProject
Project("{FAE04EC0-301F-11D3-BF4B-00C04F79EFBC}") = "EServi.Microservices.User.UseCase", "Sources\Services\User\EServi.Microservices.User.UseCase\EServi.Microservices.User.UseCase.csproj", "{331020D1-CD59-4AD7-9E38-97E5C6B907E4}"
EndProject
Project("{FAE04EC0-301F-11D3-BF4B-00C04F79EFBC}") = "EServi.Microservices.Catalog.IoC", "Sources\Services\Catalog\EServi.Microservices.Catalog.IoC\EServi.Microservices.Catalog.IoC.csproj", "{2FCD290B-CC93-47AA-A412-5373A6C088A2}"
EndProject
Project("{FAE04EC0-301F-11D3-BF4B-00C04F79EFBC}") = "EServi.Microservices.Catalog.UseCase", "Sources\Services\Catalog\EServi.Microservices.Catalog.UseCase\EServi.Microservices.Catalog.UseCase.csproj", "{6E54BD02-358C-4ED3-B9D3-67FBAFEDE8C2}"
EndProject
Project("{FAE04EC0-301F-11D3-BF4B-00C04F79EFBC}") = "EServi.Microservices.Catalog.Domain", "Sources\Services\Catalog\EServi.Microservices.Catalog.Domain\EServi.Microservices.Catalog.Domain.csproj", "{7875F726-8F4E-421D-81F1-8274D199BC92}"
EndProject
Project("{2150E333-8FDC-42A3-9474-1A3956D46DE8}") = "Email", "Email", "{4B2AB15F-D2B5-47DF-8FFE-5794A6704DCC}"
EndProject
Project("{FAE04EC0-301F-11D3-BF4B-00C04F79EFBC}") = "EServi.Microservices.Email", "Sources\Services\Email\EServi.Microservices.Email\EServi.Microservices.Email.csproj", "{2704B7C9-C448-4A07-959D-E50A7CE415B0}"
EndProject
Project("{FAE04EC0-301F-11D3-BF4B-00C04F79EFBC}") = "EServi.Microservices.Catalog.Infrastructure.RabbitMq.Publishers", "Sources\Services\Catalog\EServi.Microservices.Catalog.Infrastructure.RabbitMq.Publishers\EServi.Microservices.Catalog.Infrastructure.RabbitMq.Publishers.csproj", "{B240F688-35C6-40B6-8644-198A066E9FB3}"
EndProject
Global
	GlobalSection(SolutionConfigurationPlatforms) = preSolution
		Debug|Any CPU = Debug|Any CPU
		Debug|x64 = Debug|x64
		Debug|x86 = Debug|x86
		Release|Any CPU = Release|Any CPU
		Release|x64 = Release|x64
		Release|x86 = Release|x86
	EndGlobalSection
	GlobalSection(SolutionProperties) = preSolution
		HideSolutionNode = FALSE
	EndGlobalSection
	GlobalSection(ProjectConfigurationPlatforms) = postSolution
		{91A424AF-376E-40DB-AA82-797ABFF3D84D}.Debug|Any CPU.ActiveCfg = Debug|Any CPU
		{91A424AF-376E-40DB-AA82-797ABFF3D84D}.Debug|Any CPU.Build.0 = Debug|Any CPU
		{91A424AF-376E-40DB-AA82-797ABFF3D84D}.Debug|x64.ActiveCfg = Debug|Any CPU
		{91A424AF-376E-40DB-AA82-797ABFF3D84D}.Debug|x64.Build.0 = Debug|Any CPU
		{91A424AF-376E-40DB-AA82-797ABFF3D84D}.Debug|x86.ActiveCfg = Debug|Any CPU
		{91A424AF-376E-40DB-AA82-797ABFF3D84D}.Debug|x86.Build.0 = Debug|Any CPU
		{91A424AF-376E-40DB-AA82-797ABFF3D84D}.Release|Any CPU.ActiveCfg = Release|Any CPU
		{91A424AF-376E-40DB-AA82-797ABFF3D84D}.Release|Any CPU.Build.0 = Release|Any CPU
		{91A424AF-376E-40DB-AA82-797ABFF3D84D}.Release|x64.ActiveCfg = Release|Any CPU
		{91A424AF-376E-40DB-AA82-797ABFF3D84D}.Release|x64.Build.0 = Release|Any CPU
		{91A424AF-376E-40DB-AA82-797ABFF3D84D}.Release|x86.ActiveCfg = Release|Any CPU
		{91A424AF-376E-40DB-AA82-797ABFF3D84D}.Release|x86.Build.0 = Release|Any CPU
		{A2AEE7EC-5EDA-4CF8-BD2F-972917FAC32A}.Debug|Any CPU.ActiveCfg = Debug|Any CPU
		{A2AEE7EC-5EDA-4CF8-BD2F-972917FAC32A}.Debug|Any CPU.Build.0 = Debug|Any CPU
		{A2AEE7EC-5EDA-4CF8-BD2F-972917FAC32A}.Debug|x64.ActiveCfg = Debug|Any CPU
		{A2AEE7EC-5EDA-4CF8-BD2F-972917FAC32A}.Debug|x64.Build.0 = Debug|Any CPU
		{A2AEE7EC-5EDA-4CF8-BD2F-972917FAC32A}.Debug|x86.ActiveCfg = Debug|Any CPU
		{A2AEE7EC-5EDA-4CF8-BD2F-972917FAC32A}.Debug|x86.Build.0 = Debug|Any CPU
		{A2AEE7EC-5EDA-4CF8-BD2F-972917FAC32A}.Release|Any CPU.ActiveCfg = Release|Any CPU
		{A2AEE7EC-5EDA-4CF8-BD2F-972917FAC32A}.Release|Any CPU.Build.0 = Release|Any CPU
		{A2AEE7EC-5EDA-4CF8-BD2F-972917FAC32A}.Release|x64.ActiveCfg = Release|Any CPU
		{A2AEE7EC-5EDA-4CF8-BD2F-972917FAC32A}.Release|x64.Build.0 = Release|Any CPU
		{A2AEE7EC-5EDA-4CF8-BD2F-972917FAC32A}.Release|x86.ActiveCfg = Release|Any CPU
		{A2AEE7EC-5EDA-4CF8-BD2F-972917FAC32A}.Release|x86.Build.0 = Release|Any CPU
		{50DB4F55-609F-43BF-94CF-3F5B65DF41B7}.Debug|Any CPU.ActiveCfg = Debug|Any CPU
		{50DB4F55-609F-43BF-94CF-3F5B65DF41B7}.Debug|Any CPU.Build.0 = Debug|Any CPU
		{50DB4F55-609F-43BF-94CF-3F5B65DF41B7}.Debug|x64.ActiveCfg = Debug|Any CPU
		{50DB4F55-609F-43BF-94CF-3F5B65DF41B7}.Debug|x64.Build.0 = Debug|Any CPU
		{50DB4F55-609F-43BF-94CF-3F5B65DF41B7}.Debug|x86.ActiveCfg = Debug|Any CPU
		{50DB4F55-609F-43BF-94CF-3F5B65DF41B7}.Debug|x86.Build.0 = Debug|Any CPU
		{50DB4F55-609F-43BF-94CF-3F5B65DF41B7}.Release|Any CPU.ActiveCfg = Release|Any CPU
		{50DB4F55-609F-43BF-94CF-3F5B65DF41B7}.Release|Any CPU.Build.0 = Release|Any CPU
		{50DB4F55-609F-43BF-94CF-3F5B65DF41B7}.Release|x64.ActiveCfg = Release|Any CPU
		{50DB4F55-609F-43BF-94CF-3F5B65DF41B7}.Release|x64.Build.0 = Release|Any CPU
		{50DB4F55-609F-43BF-94CF-3F5B65DF41B7}.Release|x86.ActiveCfg = Release|Any CPU
		{50DB4F55-609F-43BF-94CF-3F5B65DF41B7}.Release|x86.Build.0 = Release|Any CPU
		{D88C7C00-0373-4988-A8D5-430870604886}.Debug|Any CPU.ActiveCfg = Debug|Any CPU
		{D88C7C00-0373-4988-A8D5-430870604886}.Debug|Any CPU.Build.0 = Debug|Any CPU
		{D88C7C00-0373-4988-A8D5-430870604886}.Debug|x64.ActiveCfg = Debug|Any CPU
		{D88C7C00-0373-4988-A8D5-430870604886}.Debug|x64.Build.0 = Debug|Any CPU
		{D88C7C00-0373-4988-A8D5-430870604886}.Debug|x86.ActiveCfg = Debug|Any CPU
		{D88C7C00-0373-4988-A8D5-430870604886}.Debug|x86.Build.0 = Debug|Any CPU
		{D88C7C00-0373-4988-A8D5-430870604886}.Release|Any CPU.ActiveCfg = Release|Any CPU
		{D88C7C00-0373-4988-A8D5-430870604886}.Release|Any CPU.Build.0 = Release|Any CPU
		{D88C7C00-0373-4988-A8D5-430870604886}.Release|x64.ActiveCfg = Release|Any CPU
		{D88C7C00-0373-4988-A8D5-430870604886}.Release|x64.Build.0 = Release|Any CPU
		{D88C7C00-0373-4988-A8D5-430870604886}.Release|x86.ActiveCfg = Release|Any CPU
		{D88C7C00-0373-4988-A8D5-430870604886}.Release|x86.Build.0 = Release|Any CPU
		{6286C74A-FCFD-4BCD-864B-202BABF73BE4}.Debug|Any CPU.ActiveCfg = Debug|Any CPU
		{6286C74A-FCFD-4BCD-864B-202BABF73BE4}.Debug|Any CPU.Build.0 = Debug|Any CPU
		{6286C74A-FCFD-4BCD-864B-202BABF73BE4}.Debug|x64.ActiveCfg = Debug|Any CPU
		{6286C74A-FCFD-4BCD-864B-202BABF73BE4}.Debug|x64.Build.0 = Debug|Any CPU
		{6286C74A-FCFD-4BCD-864B-202BABF73BE4}.Debug|x86.ActiveCfg = Debug|Any CPU
		{6286C74A-FCFD-4BCD-864B-202BABF73BE4}.Debug|x86.Build.0 = Debug|Any CPU
		{6286C74A-FCFD-4BCD-864B-202BABF73BE4}.Release|Any CPU.ActiveCfg = Release|Any CPU
		{6286C74A-FCFD-4BCD-864B-202BABF73BE4}.Release|Any CPU.Build.0 = Release|Any CPU
		{6286C74A-FCFD-4BCD-864B-202BABF73BE4}.Release|x64.ActiveCfg = Release|Any CPU
		{6286C74A-FCFD-4BCD-864B-202BABF73BE4}.Release|x64.Build.0 = Release|Any CPU
		{6286C74A-FCFD-4BCD-864B-202BABF73BE4}.Release|x86.ActiveCfg = Release|Any CPU
		{6286C74A-FCFD-4BCD-864B-202BABF73BE4}.Release|x86.Build.0 = Release|Any CPU
		{59031B58-292A-495D-89A3-C1D34DC9EBA4}.Debug|Any CPU.ActiveCfg = Debug|Any CPU
		{59031B58-292A-495D-89A3-C1D34DC9EBA4}.Debug|Any CPU.Build.0 = Debug|Any CPU
		{59031B58-292A-495D-89A3-C1D34DC9EBA4}.Debug|x64.ActiveCfg = Debug|Any CPU
		{59031B58-292A-495D-89A3-C1D34DC9EBA4}.Debug|x64.Build.0 = Debug|Any CPU
		{59031B58-292A-495D-89A3-C1D34DC9EBA4}.Debug|x86.ActiveCfg = Debug|Any CPU
		{59031B58-292A-495D-89A3-C1D34DC9EBA4}.Debug|x86.Build.0 = Debug|Any CPU
		{59031B58-292A-495D-89A3-C1D34DC9EBA4}.Release|Any CPU.ActiveCfg = Release|Any CPU
		{59031B58-292A-495D-89A3-C1D34DC9EBA4}.Release|Any CPU.Build.0 = Release|Any CPU
		{59031B58-292A-495D-89A3-C1D34DC9EBA4}.Release|x64.ActiveCfg = Release|Any CPU
		{59031B58-292A-495D-89A3-C1D34DC9EBA4}.Release|x64.Build.0 = Release|Any CPU
		{59031B58-292A-495D-89A3-C1D34DC9EBA4}.Release|x86.ActiveCfg = Release|Any CPU
		{59031B58-292A-495D-89A3-C1D34DC9EBA4}.Release|x86.Build.0 = Release|Any CPU
		{AA38B4A1-9631-4136-99F0-90AD56B7785F}.Debug|Any CPU.ActiveCfg = Debug|Any CPU
		{AA38B4A1-9631-4136-99F0-90AD56B7785F}.Debug|Any CPU.Build.0 = Debug|Any CPU
		{AA38B4A1-9631-4136-99F0-90AD56B7785F}.Debug|x64.ActiveCfg = Debug|Any CPU
		{AA38B4A1-9631-4136-99F0-90AD56B7785F}.Debug|x64.Build.0 = Debug|Any CPU
		{AA38B4A1-9631-4136-99F0-90AD56B7785F}.Debug|x86.ActiveCfg = Debug|Any CPU
		{AA38B4A1-9631-4136-99F0-90AD56B7785F}.Debug|x86.Build.0 = Debug|Any CPU
		{AA38B4A1-9631-4136-99F0-90AD56B7785F}.Release|Any CPU.ActiveCfg = Release|Any CPU
		{AA38B4A1-9631-4136-99F0-90AD56B7785F}.Release|Any CPU.Build.0 = Release|Any CPU
		{AA38B4A1-9631-4136-99F0-90AD56B7785F}.Release|x64.ActiveCfg = Release|Any CPU
		{AA38B4A1-9631-4136-99F0-90AD56B7785F}.Release|x64.Build.0 = Release|Any CPU
		{AA38B4A1-9631-4136-99F0-90AD56B7785F}.Release|x86.ActiveCfg = Release|Any CPU
		{AA38B4A1-9631-4136-99F0-90AD56B7785F}.Release|x86.Build.0 = Release|Any CPU
		{7C7D4A1E-7097-4992-BA80-4692F41D9D55}.Debug|Any CPU.ActiveCfg = Debug|Any CPU
		{7C7D4A1E-7097-4992-BA80-4692F41D9D55}.Debug|Any CPU.Build.0 = Debug|Any CPU
		{7C7D4A1E-7097-4992-BA80-4692F41D9D55}.Debug|x64.ActiveCfg = Debug|Any CPU
		{7C7D4A1E-7097-4992-BA80-4692F41D9D55}.Debug|x64.Build.0 = Debug|Any CPU
		{7C7D4A1E-7097-4992-BA80-4692F41D9D55}.Debug|x86.ActiveCfg = Debug|Any CPU
		{7C7D4A1E-7097-4992-BA80-4692F41D9D55}.Debug|x86.Build.0 = Debug|Any CPU
		{7C7D4A1E-7097-4992-BA80-4692F41D9D55}.Release|Any CPU.ActiveCfg = Release|Any CPU
		{7C7D4A1E-7097-4992-BA80-4692F41D9D55}.Release|Any CPU.Build.0 = Release|Any CPU
		{7C7D4A1E-7097-4992-BA80-4692F41D9D55}.Release|x64.ActiveCfg = Release|Any CPU
		{7C7D4A1E-7097-4992-BA80-4692F41D9D55}.Release|x64.Build.0 = Release|Any CPU
		{7C7D4A1E-7097-4992-BA80-4692F41D9D55}.Release|x86.ActiveCfg = Release|Any CPU
		{7C7D4A1E-7097-4992-BA80-4692F41D9D55}.Release|x86.Build.0 = Release|Any CPU
		{89CB417C-E799-452F-AD84-705C81CED735}.Debug|Any CPU.ActiveCfg = Debug|Any CPU
		{89CB417C-E799-452F-AD84-705C81CED735}.Debug|Any CPU.Build.0 = Debug|Any CPU
		{89CB417C-E799-452F-AD84-705C81CED735}.Debug|x64.ActiveCfg = Debug|Any CPU
		{89CB417C-E799-452F-AD84-705C81CED735}.Debug|x64.Build.0 = Debug|Any CPU
		{89CB417C-E799-452F-AD84-705C81CED735}.Debug|x86.ActiveCfg = Debug|Any CPU
		{89CB417C-E799-452F-AD84-705C81CED735}.Debug|x86.Build.0 = Debug|Any CPU
		{89CB417C-E799-452F-AD84-705C81CED735}.Release|Any CPU.ActiveCfg = Release|Any CPU
		{89CB417C-E799-452F-AD84-705C81CED735}.Release|Any CPU.Build.0 = Release|Any CPU
		{89CB417C-E799-452F-AD84-705C81CED735}.Release|x64.ActiveCfg = Release|Any CPU
		{89CB417C-E799-452F-AD84-705C81CED735}.Release|x64.Build.0 = Release|Any CPU
		{89CB417C-E799-452F-AD84-705C81CED735}.Release|x86.ActiveCfg = Release|Any CPU
		{89CB417C-E799-452F-AD84-705C81CED735}.Release|x86.Build.0 = Release|Any CPU
		{A309F173-45C5-4992-AE7A-0E2B6C4FDB50}.Debug|Any CPU.ActiveCfg = Debug|Any CPU
		{A309F173-45C5-4992-AE7A-0E2B6C4FDB50}.Debug|Any CPU.Build.0 = Debug|Any CPU
		{A309F173-45C5-4992-AE7A-0E2B6C4FDB50}.Debug|x64.ActiveCfg = Debug|Any CPU
		{A309F173-45C5-4992-AE7A-0E2B6C4FDB50}.Debug|x64.Build.0 = Debug|Any CPU
		{A309F173-45C5-4992-AE7A-0E2B6C4FDB50}.Debug|x86.ActiveCfg = Debug|Any CPU
		{A309F173-45C5-4992-AE7A-0E2B6C4FDB50}.Debug|x86.Build.0 = Debug|Any CPU
		{A309F173-45C5-4992-AE7A-0E2B6C4FDB50}.Release|Any CPU.ActiveCfg = Release|Any CPU
		{A309F173-45C5-4992-AE7A-0E2B6C4FDB50}.Release|Any CPU.Build.0 = Release|Any CPU
		{A309F173-45C5-4992-AE7A-0E2B6C4FDB50}.Release|x64.ActiveCfg = Release|Any CPU
		{A309F173-45C5-4992-AE7A-0E2B6C4FDB50}.Release|x64.Build.0 = Release|Any CPU
		{A309F173-45C5-4992-AE7A-0E2B6C4FDB50}.Release|x86.ActiveCfg = Release|Any CPU
		{A309F173-45C5-4992-AE7A-0E2B6C4FDB50}.Release|x86.Build.0 = Release|Any CPU
		{8CE900E1-C8E9-4CC3-9827-3DA1180331F8}.Debug|Any CPU.ActiveCfg = Debug|Any CPU
		{8CE900E1-C8E9-4CC3-9827-3DA1180331F8}.Debug|Any CPU.Build.0 = Debug|Any CPU
		{8CE900E1-C8E9-4CC3-9827-3DA1180331F8}.Debug|x64.ActiveCfg = Debug|Any CPU
		{8CE900E1-C8E9-4CC3-9827-3DA1180331F8}.Debug|x64.Build.0 = Debug|Any CPU
		{8CE900E1-C8E9-4CC3-9827-3DA1180331F8}.Debug|x86.ActiveCfg = Debug|Any CPU
		{8CE900E1-C8E9-4CC3-9827-3DA1180331F8}.Debug|x86.Build.0 = Debug|Any CPU
		{8CE900E1-C8E9-4CC3-9827-3DA1180331F8}.Release|Any CPU.ActiveCfg = Release|Any CPU
		{8CE900E1-C8E9-4CC3-9827-3DA1180331F8}.Release|Any CPU.Build.0 = Release|Any CPU
		{8CE900E1-C8E9-4CC3-9827-3DA1180331F8}.Release|x64.ActiveCfg = Release|Any CPU
		{8CE900E1-C8E9-4CC3-9827-3DA1180331F8}.Release|x64.Build.0 = Release|Any CPU
		{8CE900E1-C8E9-4CC3-9827-3DA1180331F8}.Release|x86.ActiveCfg = Release|Any CPU
		{8CE900E1-C8E9-4CC3-9827-3DA1180331F8}.Release|x86.Build.0 = Release|Any CPU
		{D6F0210E-2E6D-4849-8036-73DF09167241}.Debug|Any CPU.ActiveCfg = Debug|Any CPU
		{D6F0210E-2E6D-4849-8036-73DF09167241}.Debug|Any CPU.Build.0 = Debug|Any CPU
		{D6F0210E-2E6D-4849-8036-73DF09167241}.Debug|x64.ActiveCfg = Debug|Any CPU
		{D6F0210E-2E6D-4849-8036-73DF09167241}.Debug|x64.Build.0 = Debug|Any CPU
		{D6F0210E-2E6D-4849-8036-73DF09167241}.Debug|x86.ActiveCfg = Debug|Any CPU
		{D6F0210E-2E6D-4849-8036-73DF09167241}.Debug|x86.Build.0 = Debug|Any CPU
		{D6F0210E-2E6D-4849-8036-73DF09167241}.Release|Any CPU.ActiveCfg = Release|Any CPU
		{D6F0210E-2E6D-4849-8036-73DF09167241}.Release|Any CPU.Build.0 = Release|Any CPU
		{D6F0210E-2E6D-4849-8036-73DF09167241}.Release|x64.ActiveCfg = Release|Any CPU
		{D6F0210E-2E6D-4849-8036-73DF09167241}.Release|x64.Build.0 = Release|Any CPU
		{D6F0210E-2E6D-4849-8036-73DF09167241}.Release|x86.ActiveCfg = Release|Any CPU
		{D6F0210E-2E6D-4849-8036-73DF09167241}.Release|x86.Build.0 = Release|Any CPU
		{49F0E839-3147-4320-A7B7-C85C273EBC59}.Debug|Any CPU.ActiveCfg = Debug|Any CPU
		{49F0E839-3147-4320-A7B7-C85C273EBC59}.Debug|Any CPU.Build.0 = Debug|Any CPU
		{49F0E839-3147-4320-A7B7-C85C273EBC59}.Debug|x64.ActiveCfg = Debug|Any CPU
		{49F0E839-3147-4320-A7B7-C85C273EBC59}.Debug|x64.Build.0 = Debug|Any CPU
		{49F0E839-3147-4320-A7B7-C85C273EBC59}.Debug|x86.ActiveCfg = Debug|Any CPU
		{49F0E839-3147-4320-A7B7-C85C273EBC59}.Debug|x86.Build.0 = Debug|Any CPU
		{49F0E839-3147-4320-A7B7-C85C273EBC59}.Release|Any CPU.ActiveCfg = Release|Any CPU
		{49F0E839-3147-4320-A7B7-C85C273EBC59}.Release|Any CPU.Build.0 = Release|Any CPU
		{49F0E839-3147-4320-A7B7-C85C273EBC59}.Release|x64.ActiveCfg = Release|Any CPU
		{49F0E839-3147-4320-A7B7-C85C273EBC59}.Release|x64.Build.0 = Release|Any CPU
		{49F0E839-3147-4320-A7B7-C85C273EBC59}.Release|x86.ActiveCfg = Release|Any CPU
		{49F0E839-3147-4320-A7B7-C85C273EBC59}.Release|x86.Build.0 = Release|Any CPU
		{2B941DA5-58B4-48FA-8F88-7FF6EF964FA9}.Debug|Any CPU.ActiveCfg = Debug|Any CPU
		{2B941DA5-58B4-48FA-8F88-7FF6EF964FA9}.Debug|Any CPU.Build.0 = Debug|Any CPU
		{2B941DA5-58B4-48FA-8F88-7FF6EF964FA9}.Debug|x64.ActiveCfg = Debug|Any CPU
		{2B941DA5-58B4-48FA-8F88-7FF6EF964FA9}.Debug|x64.Build.0 = Debug|Any CPU
		{2B941DA5-58B4-48FA-8F88-7FF6EF964FA9}.Debug|x86.ActiveCfg = Debug|Any CPU
		{2B941DA5-58B4-48FA-8F88-7FF6EF964FA9}.Debug|x86.Build.0 = Debug|Any CPU
		{2B941DA5-58B4-48FA-8F88-7FF6EF964FA9}.Release|Any CPU.ActiveCfg = Release|Any CPU
		{2B941DA5-58B4-48FA-8F88-7FF6EF964FA9}.Release|Any CPU.Build.0 = Release|Any CPU
		{2B941DA5-58B4-48FA-8F88-7FF6EF964FA9}.Release|x64.ActiveCfg = Release|Any CPU
		{2B941DA5-58B4-48FA-8F88-7FF6EF964FA9}.Release|x64.Build.0 = Release|Any CPU
		{2B941DA5-58B4-48FA-8F88-7FF6EF964FA9}.Release|x86.ActiveCfg = Release|Any CPU
		{2B941DA5-58B4-48FA-8F88-7FF6EF964FA9}.Release|x86.Build.0 = Release|Any CPU
		{2FF5BAA7-A92C-44E5-B388-E295637A6E93}.Debug|Any CPU.ActiveCfg = Debug|Any CPU
		{2FF5BAA7-A92C-44E5-B388-E295637A6E93}.Debug|Any CPU.Build.0 = Debug|Any CPU
		{2FF5BAA7-A92C-44E5-B388-E295637A6E93}.Debug|x64.ActiveCfg = Debug|Any CPU
		{2FF5BAA7-A92C-44E5-B388-E295637A6E93}.Debug|x64.Build.0 = Debug|Any CPU
		{2FF5BAA7-A92C-44E5-B388-E295637A6E93}.Debug|x86.ActiveCfg = Debug|Any CPU
		{2FF5BAA7-A92C-44E5-B388-E295637A6E93}.Debug|x86.Build.0 = Debug|Any CPU
		{2FF5BAA7-A92C-44E5-B388-E295637A6E93}.Release|Any CPU.ActiveCfg = Release|Any CPU
		{2FF5BAA7-A92C-44E5-B388-E295637A6E93}.Release|Any CPU.Build.0 = Release|Any CPU
		{2FF5BAA7-A92C-44E5-B388-E295637A6E93}.Release|x64.ActiveCfg = Release|Any CPU
		{2FF5BAA7-A92C-44E5-B388-E295637A6E93}.Release|x64.Build.0 = Release|Any CPU
		{2FF5BAA7-A92C-44E5-B388-E295637A6E93}.Release|x86.ActiveCfg = Release|Any CPU
		{2FF5BAA7-A92C-44E5-B388-E295637A6E93}.Release|x86.Build.0 = Release|Any CPU
		{79343CE2-3B3A-4766-A915-7C505590D1FF}.Debug|Any CPU.ActiveCfg = Debug|Any CPU
		{79343CE2-3B3A-4766-A915-7C505590D1FF}.Debug|Any CPU.Build.0 = Debug|Any CPU
		{79343CE2-3B3A-4766-A915-7C505590D1FF}.Debug|x64.ActiveCfg = Debug|Any CPU
		{79343CE2-3B3A-4766-A915-7C505590D1FF}.Debug|x64.Build.0 = Debug|Any CPU
		{79343CE2-3B3A-4766-A915-7C505590D1FF}.Debug|x86.ActiveCfg = Debug|Any CPU
		{79343CE2-3B3A-4766-A915-7C505590D1FF}.Debug|x86.Build.0 = Debug|Any CPU
		{79343CE2-3B3A-4766-A915-7C505590D1FF}.Release|Any CPU.ActiveCfg = Release|Any CPU
		{79343CE2-3B3A-4766-A915-7C505590D1FF}.Release|Any CPU.Build.0 = Release|Any CPU
		{79343CE2-3B3A-4766-A915-7C505590D1FF}.Release|x64.ActiveCfg = Release|Any CPU
		{79343CE2-3B3A-4766-A915-7C505590D1FF}.Release|x64.Build.0 = Release|Any CPU
		{79343CE2-3B3A-4766-A915-7C505590D1FF}.Release|x86.ActiveCfg = Release|Any CPU
		{79343CE2-3B3A-4766-A915-7C505590D1FF}.Release|x86.Build.0 = Release|Any CPU
		{74BD20B9-ACCA-4708-958D-D2212473C8BF}.Debug|Any CPU.ActiveCfg = Debug|Any CPU
		{74BD20B9-ACCA-4708-958D-D2212473C8BF}.Debug|Any CPU.Build.0 = Debug|Any CPU
		{74BD20B9-ACCA-4708-958D-D2212473C8BF}.Debug|x64.ActiveCfg = Debug|Any CPU
		{74BD20B9-ACCA-4708-958D-D2212473C8BF}.Debug|x64.Build.0 = Debug|Any CPU
		{74BD20B9-ACCA-4708-958D-D2212473C8BF}.Debug|x86.ActiveCfg = Debug|Any CPU
		{74BD20B9-ACCA-4708-958D-D2212473C8BF}.Debug|x86.Build.0 = Debug|Any CPU
		{74BD20B9-ACCA-4708-958D-D2212473C8BF}.Release|Any CPU.ActiveCfg = Release|Any CPU
		{74BD20B9-ACCA-4708-958D-D2212473C8BF}.Release|Any CPU.Build.0 = Release|Any CPU
		{74BD20B9-ACCA-4708-958D-D2212473C8BF}.Release|x64.ActiveCfg = Release|Any CPU
		{74BD20B9-ACCA-4708-958D-D2212473C8BF}.Release|x64.Build.0 = Release|Any CPU
		{74BD20B9-ACCA-4708-958D-D2212473C8BF}.Release|x86.ActiveCfg = Release|Any CPU
		{74BD20B9-ACCA-4708-958D-D2212473C8BF}.Release|x86.Build.0 = Release|Any CPU
		{A7641083-D541-49A2-BDDF-59A5CDE95164}.Debug|Any CPU.ActiveCfg = Debug|Any CPU
		{A7641083-D541-49A2-BDDF-59A5CDE95164}.Debug|Any CPU.Build.0 = Debug|Any CPU
		{A7641083-D541-49A2-BDDF-59A5CDE95164}.Debug|x64.ActiveCfg = Debug|Any CPU
		{A7641083-D541-49A2-BDDF-59A5CDE95164}.Debug|x64.Build.0 = Debug|Any CPU
		{A7641083-D541-49A2-BDDF-59A5CDE95164}.Debug|x86.ActiveCfg = Debug|Any CPU
		{A7641083-D541-49A2-BDDF-59A5CDE95164}.Debug|x86.Build.0 = Debug|Any CPU
		{A7641083-D541-49A2-BDDF-59A5CDE95164}.Release|Any CPU.ActiveCfg = Release|Any CPU
		{A7641083-D541-49A2-BDDF-59A5CDE95164}.Release|Any CPU.Build.0 = Release|Any CPU
		{A7641083-D541-49A2-BDDF-59A5CDE95164}.Release|x64.ActiveCfg = Release|Any CPU
		{A7641083-D541-49A2-BDDF-59A5CDE95164}.Release|x64.Build.0 = Release|Any CPU
		{A7641083-D541-49A2-BDDF-59A5CDE95164}.Release|x86.ActiveCfg = Release|Any CPU
		{A7641083-D541-49A2-BDDF-59A5CDE95164}.Release|x86.Build.0 = Release|Any CPU
		{6D849BA6-5560-4213-97F4-A04F05951812}.Debug|Any CPU.ActiveCfg = Debug|Any CPU
		{6D849BA6-5560-4213-97F4-A04F05951812}.Debug|Any CPU.Build.0 = Debug|Any CPU
		{6D849BA6-5560-4213-97F4-A04F05951812}.Debug|x64.ActiveCfg = Debug|Any CPU
		{6D849BA6-5560-4213-97F4-A04F05951812}.Debug|x64.Build.0 = Debug|Any CPU
		{6D849BA6-5560-4213-97F4-A04F05951812}.Debug|x86.ActiveCfg = Debug|Any CPU
		{6D849BA6-5560-4213-97F4-A04F05951812}.Debug|x86.Build.0 = Debug|Any CPU
		{6D849BA6-5560-4213-97F4-A04F05951812}.Release|Any CPU.ActiveCfg = Release|Any CPU
		{6D849BA6-5560-4213-97F4-A04F05951812}.Release|Any CPU.Build.0 = Release|Any CPU
		{6D849BA6-5560-4213-97F4-A04F05951812}.Release|x64.ActiveCfg = Release|Any CPU
		{6D849BA6-5560-4213-97F4-A04F05951812}.Release|x64.Build.0 = Release|Any CPU
		{6D849BA6-5560-4213-97F4-A04F05951812}.Release|x86.ActiveCfg = Release|Any CPU
		{6D849BA6-5560-4213-97F4-A04F05951812}.Release|x86.Build.0 = Release|Any CPU
		{331020D1-CD59-4AD7-9E38-97E5C6B907E4}.Debug|Any CPU.ActiveCfg = Debug|Any CPU
		{331020D1-CD59-4AD7-9E38-97E5C6B907E4}.Debug|Any CPU.Build.0 = Debug|Any CPU
		{331020D1-CD59-4AD7-9E38-97E5C6B907E4}.Debug|x64.ActiveCfg = Debug|Any CPU
		{331020D1-CD59-4AD7-9E38-97E5C6B907E4}.Debug|x64.Build.0 = Debug|Any CPU
		{331020D1-CD59-4AD7-9E38-97E5C6B907E4}.Debug|x86.ActiveCfg = Debug|Any CPU
		{331020D1-CD59-4AD7-9E38-97E5C6B907E4}.Debug|x86.Build.0 = Debug|Any CPU
		{331020D1-CD59-4AD7-9E38-97E5C6B907E4}.Release|Any CPU.ActiveCfg = Release|Any CPU
		{331020D1-CD59-4AD7-9E38-97E5C6B907E4}.Release|Any CPU.Build.0 = Release|Any CPU
		{331020D1-CD59-4AD7-9E38-97E5C6B907E4}.Release|x64.ActiveCfg = Release|Any CPU
		{331020D1-CD59-4AD7-9E38-97E5C6B907E4}.Release|x64.Build.0 = Release|Any CPU
		{331020D1-CD59-4AD7-9E38-97E5C6B907E4}.Release|x86.ActiveCfg = Release|Any CPU
		{331020D1-CD59-4AD7-9E38-97E5C6B907E4}.Release|x86.Build.0 = Release|Any CPU
		{2FCD290B-CC93-47AA-A412-5373A6C088A2}.Debug|Any CPU.ActiveCfg = Debug|Any CPU
		{2FCD290B-CC93-47AA-A412-5373A6C088A2}.Debug|Any CPU.Build.0 = Debug|Any CPU
		{2FCD290B-CC93-47AA-A412-5373A6C088A2}.Debug|x64.ActiveCfg = Debug|Any CPU
		{2FCD290B-CC93-47AA-A412-5373A6C088A2}.Debug|x64.Build.0 = Debug|Any CPU
		{2FCD290B-CC93-47AA-A412-5373A6C088A2}.Debug|x86.ActiveCfg = Debug|Any CPU
		{2FCD290B-CC93-47AA-A412-5373A6C088A2}.Debug|x86.Build.0 = Debug|Any CPU
		{2FCD290B-CC93-47AA-A412-5373A6C088A2}.Release|Any CPU.ActiveCfg = Release|Any CPU
		{2FCD290B-CC93-47AA-A412-5373A6C088A2}.Release|Any CPU.Build.0 = Release|Any CPU
		{2FCD290B-CC93-47AA-A412-5373A6C088A2}.Release|x64.ActiveCfg = Release|Any CPU
		{2FCD290B-CC93-47AA-A412-5373A6C088A2}.Release|x64.Build.0 = Release|Any CPU
		{2FCD290B-CC93-47AA-A412-5373A6C088A2}.Release|x86.ActiveCfg = Release|Any CPU
		{2FCD290B-CC93-47AA-A412-5373A6C088A2}.Release|x86.Build.0 = Release|Any CPU
		{6E54BD02-358C-4ED3-B9D3-67FBAFEDE8C2}.Debug|Any CPU.ActiveCfg = Debug|Any CPU
		{6E54BD02-358C-4ED3-B9D3-67FBAFEDE8C2}.Debug|Any CPU.Build.0 = Debug|Any CPU
		{6E54BD02-358C-4ED3-B9D3-67FBAFEDE8C2}.Debug|x64.ActiveCfg = Debug|Any CPU
		{6E54BD02-358C-4ED3-B9D3-67FBAFEDE8C2}.Debug|x64.Build.0 = Debug|Any CPU
		{6E54BD02-358C-4ED3-B9D3-67FBAFEDE8C2}.Debug|x86.ActiveCfg = Debug|Any CPU
		{6E54BD02-358C-4ED3-B9D3-67FBAFEDE8C2}.Debug|x86.Build.0 = Debug|Any CPU
		{6E54BD02-358C-4ED3-B9D3-67FBAFEDE8C2}.Release|Any CPU.ActiveCfg = Release|Any CPU
		{6E54BD02-358C-4ED3-B9D3-67FBAFEDE8C2}.Release|Any CPU.Build.0 = Release|Any CPU
		{6E54BD02-358C-4ED3-B9D3-67FBAFEDE8C2}.Release|x64.ActiveCfg = Release|Any CPU
		{6E54BD02-358C-4ED3-B9D3-67FBAFEDE8C2}.Release|x64.Build.0 = Release|Any CPU
		{6E54BD02-358C-4ED3-B9D3-67FBAFEDE8C2}.Release|x86.ActiveCfg = Release|Any CPU
		{6E54BD02-358C-4ED3-B9D3-67FBAFEDE8C2}.Release|x86.Build.0 = Release|Any CPU
		{7875F726-8F4E-421D-81F1-8274D199BC92}.Debug|Any CPU.ActiveCfg = Debug|Any CPU
		{7875F726-8F4E-421D-81F1-8274D199BC92}.Debug|Any CPU.Build.0 = Debug|Any CPU
		{7875F726-8F4E-421D-81F1-8274D199BC92}.Debug|x64.ActiveCfg = Debug|Any CPU
		{7875F726-8F4E-421D-81F1-8274D199BC92}.Debug|x64.Build.0 = Debug|Any CPU
		{7875F726-8F4E-421D-81F1-8274D199BC92}.Debug|x86.ActiveCfg = Debug|Any CPU
		{7875F726-8F4E-421D-81F1-8274D199BC92}.Debug|x86.Build.0 = Debug|Any CPU
		{7875F726-8F4E-421D-81F1-8274D199BC92}.Release|Any CPU.ActiveCfg = Release|Any CPU
		{7875F726-8F4E-421D-81F1-8274D199BC92}.Release|Any CPU.Build.0 = Release|Any CPU
		{7875F726-8F4E-421D-81F1-8274D199BC92}.Release|x64.ActiveCfg = Release|Any CPU
		{7875F726-8F4E-421D-81F1-8274D199BC92}.Release|x64.Build.0 = Release|Any CPU
		{7875F726-8F4E-421D-81F1-8274D199BC92}.Release|x86.ActiveCfg = Release|Any CPU
		{7875F726-8F4E-421D-81F1-8274D199BC92}.Release|x86.Build.0 = Release|Any CPU
		{2704B7C9-C448-4A07-959D-E50A7CE415B0}.Debug|Any CPU.ActiveCfg = Debug|Any CPU
		{2704B7C9-C448-4A07-959D-E50A7CE415B0}.Debug|Any CPU.Build.0 = Debug|Any CPU
		{2704B7C9-C448-4A07-959D-E50A7CE415B0}.Debug|x64.ActiveCfg = Debug|Any CPU
		{2704B7C9-C448-4A07-959D-E50A7CE415B0}.Debug|x64.Build.0 = Debug|Any CPU
		{2704B7C9-C448-4A07-959D-E50A7CE415B0}.Debug|x86.ActiveCfg = Debug|Any CPU
		{2704B7C9-C448-4A07-959D-E50A7CE415B0}.Debug|x86.Build.0 = Debug|Any CPU
		{2704B7C9-C448-4A07-959D-E50A7CE415B0}.Release|Any CPU.ActiveCfg = Release|Any CPU
		{2704B7C9-C448-4A07-959D-E50A7CE415B0}.Release|Any CPU.Build.0 = Release|Any CPU
		{2704B7C9-C448-4A07-959D-E50A7CE415B0}.Release|x64.ActiveCfg = Release|Any CPU
		{2704B7C9-C448-4A07-959D-E50A7CE415B0}.Release|x64.Build.0 = Release|Any CPU
		{2704B7C9-C448-4A07-959D-E50A7CE415B0}.Release|x86.ActiveCfg = Release|Any CPU
		{2704B7C9-C448-4A07-959D-E50A7CE415B0}.Release|x86.Build.0 = Release|Any CPU
		{B240F688-35C6-40B6-8644-198A066E9FB3}.Debug|Any CPU.ActiveCfg = Debug|Any CPU
		{B240F688-35C6-40B6-8644-198A066E9FB3}.Debug|Any CPU.Build.0 = Debug|Any CPU
		{B240F688-35C6-40B6-8644-198A066E9FB3}.Debug|x64.ActiveCfg = Debug|Any CPU
		{B240F688-35C6-40B6-8644-198A066E9FB3}.Debug|x64.Build.0 = Debug|Any CPU
		{B240F688-35C6-40B6-8644-198A066E9FB3}.Debug|x86.ActiveCfg = Debug|Any CPU
		{B240F688-35C6-40B6-8644-198A066E9FB3}.Debug|x86.Build.0 = Debug|Any CPU
		{B240F688-35C6-40B6-8644-198A066E9FB3}.Release|Any CPU.ActiveCfg = Release|Any CPU
		{B240F688-35C6-40B6-8644-198A066E9FB3}.Release|Any CPU.Build.0 = Release|Any CPU
		{B240F688-35C6-40B6-8644-198A066E9FB3}.Release|x64.ActiveCfg = Release|Any CPU
		{B240F688-35C6-40B6-8644-198A066E9FB3}.Release|x64.Build.0 = Release|Any CPU
		{B240F688-35C6-40B6-8644-198A066E9FB3}.Release|x86.ActiveCfg = Release|Any CPU
		{B240F688-35C6-40B6-8644-198A066E9FB3}.Release|x86.Build.0 = Release|Any CPU
	EndGlobalSection
	GlobalSection(NestedProjects) = preSolution
		{4BB79F59-5093-4DBA-9B6B-376DE3BD9854} = {F3A7B8AF-D4D9-448E-B265-C599F27E7BC4}
		{91A424AF-376E-40DB-AA82-797ABFF3D84D} = {4BB79F59-5093-4DBA-9B6B-376DE3BD9854}
		{A2AEE7EC-5EDA-4CF8-BD2F-972917FAC32A} = {4BB79F59-5093-4DBA-9B6B-376DE3BD9854}
		{50DB4F55-609F-43BF-94CF-3F5B65DF41B7} = {4BB79F59-5093-4DBA-9B6B-376DE3BD9854}
		{D88C7C00-0373-4988-A8D5-430870604886} = {4BB79F59-5093-4DBA-9B6B-376DE3BD9854}
		{002B8BEB-8D93-47A6-9AB1-9255BFAF72DD} = {F3A7B8AF-D4D9-448E-B265-C599F27E7BC4}
		{6C7D1200-AB28-4197-AC69-C6F5C3E67258} = {002B8BEB-8D93-47A6-9AB1-9255BFAF72DD}
		{6286C74A-FCFD-4BCD-864B-202BABF73BE4} = {6C7D1200-AB28-4197-AC69-C6F5C3E67258}
		{59031B58-292A-495D-89A3-C1D34DC9EBA4} = {6C7D1200-AB28-4197-AC69-C6F5C3E67258}
		{AA38B4A1-9631-4136-99F0-90AD56B7785F} = {6C7D1200-AB28-4197-AC69-C6F5C3E67258}
		{7C7D4A1E-7097-4992-BA80-4692F41D9D55} = {6C7D1200-AB28-4197-AC69-C6F5C3E67258}
		{89CB417C-E799-452F-AD84-705C81CED735} = {6C7D1200-AB28-4197-AC69-C6F5C3E67258}
		{A309F173-45C5-4992-AE7A-0E2B6C4FDB50} = {6C7D1200-AB28-4197-AC69-C6F5C3E67258}
		{8CE900E1-C8E9-4CC3-9827-3DA1180331F8} = {6C7D1200-AB28-4197-AC69-C6F5C3E67258}
		{D6F0210E-2E6D-4849-8036-73DF09167241} = {6C7D1200-AB28-4197-AC69-C6F5C3E67258}
		{52DFE03F-5662-4BE3-BB3E-BF72CAC8C78F} = {002B8BEB-8D93-47A6-9AB1-9255BFAF72DD}
		{49F0E839-3147-4320-A7B7-C85C273EBC59} = {52DFE03F-5662-4BE3-BB3E-BF72CAC8C78F}
		{1E600B94-DC85-431A-9619-A625CED3725F} = {002B8BEB-8D93-47A6-9AB1-9255BFAF72DD}
		{2B941DA5-58B4-48FA-8F88-7FF6EF964FA9} = {1E600B94-DC85-431A-9619-A625CED3725F}
		{228DECDD-F514-4C92-B1AE-63BC09D3C426} = {002B8BEB-8D93-47A6-9AB1-9255BFAF72DD}
		{2FF5BAA7-A92C-44E5-B388-E295637A6E93} = {228DECDD-F514-4C92-B1AE-63BC09D3C426}
		{79343CE2-3B3A-4766-A915-7C505590D1FF} = {228DECDD-F514-4C92-B1AE-63BC09D3C426}
		{74BD20B9-ACCA-4708-958D-D2212473C8BF} = {228DECDD-F514-4C92-B1AE-63BC09D3C426}
		{A7641083-D541-49A2-BDDF-59A5CDE95164} = {228DECDD-F514-4C92-B1AE-63BC09D3C426}
		{6D849BA6-5560-4213-97F4-A04F05951812} = {228DECDD-F514-4C92-B1AE-63BC09D3C426}
		{331020D1-CD59-4AD7-9E38-97E5C6B907E4} = {228DECDD-F514-4C92-B1AE-63BC09D3C426}
		{2FCD290B-CC93-47AA-A412-5373A6C088A2} = {52DFE03F-5662-4BE3-BB3E-BF72CAC8C78F}
		{6E54BD02-358C-4ED3-B9D3-67FBAFEDE8C2} = {52DFE03F-5662-4BE3-BB3E-BF72CAC8C78F}
		{7875F726-8F4E-421D-81F1-8274D199BC92} = {52DFE03F-5662-4BE3-BB3E-BF72CAC8C78F}
		{4B2AB15F-D2B5-47DF-8FFE-5794A6704DCC} = {002B8BEB-8D93-47A6-9AB1-9255BFAF72DD}
		{2704B7C9-C448-4A07-959D-E50A7CE415B0} = {4B2AB15F-D2B5-47DF-8FFE-5794A6704DCC}
		{B240F688-35C6-40B6-8644-198A066E9FB3} = {52DFE03F-5662-4BE3-BB3E-BF72CAC8C78F}
	EndGlobalSection
EndGlobal
